%{"elixir_ale": {:hex, :elixir_ale, "0.5.6", "a94c89a17ec39ad4c4a9a90d4f00bd9f33b2f2e98703317fbdf5efceab276b44", [:mix, :make], [{:elixir_make, "~> 0.3", [hex: :elixir_make, optional: false]}]},
  "elixir_make": {:hex, :elixir_make, "0.3.0", "285147fa943806eee82f6680b7b446b5569bcf3ee8328fa0a7c200ffc44fbaba", [:mix], []}}
